
Microsoft Visual Studio Solution File, Format Version 12.00
Project("{FAE04EC0-301F-11D3-BF4B-00C04F79EFBC}") = "LivriaBackend", "LivriaBackend\LivriaBackend.csproj", "{94186F21-A99E-454B-B4E0-EE84FEF2CFD7}"
EndProject
Global
	GlobalSection(SolutionConfigurationPlatforms) = preSolution
		Debug|Any CPU = Debug|Any CPU
		Release|Any CPU = Release|Any CPU
	EndGlobalSection
	GlobalSection(ProjectConfigurationPlatforms) = postSolution
		{94186F21-A99E-454B-B4E0-EE84FEF2CFD7}.Debug|Any CPU.ActiveCfg = Debug|Any CPU
		{94186F21-A99E-454B-B4E0-EE84FEF2CFD7}.Debug|Any CPU.Build.0 = Debug|Any CPU
		{94186F21-A99E-454B-B4E0-EE84FEF2CFD7}.Release|Any CPU.ActiveCfg = Release|Any CPU
		{94186F21-A99E-454B-B4E0-EE84FEF2CFD7}.Release|Any CPU.Build.0 = Release|Any CPU
	EndGlobalSection
EndGlobal
